
Microsoft Visual Studio Solution File, Format Version 12.00
# Visual Studio Version 17
VisualStudioVersion = 17.10.35122.118
MinimumVisualStudioVersion = 10.0.40219.1
Project("{8BC9CEB8-8B4A-11D0-8D11-00A0C91BC942}") = "AEXModule", "AEXModule.vcxproj", "{EAE3C610-ECE7-4923-B16A-58A56FBF956E}"
EndProject
Project("{2150E333-8FDC-42A3-9474-1A3956D46DE8}") = "网络库测试", "网络库测试", "{15DB9267-18F0-43D6-8A47-BF92AEAFFC3E}"
EndProject
Project("{8BC9CEB8-8B4A-11D0-8D11-00A0C91BC942}") = "TCP++", "AEXModule\template\NetworkTest\TCP++\TCP++.vcxproj", "{AA0014C4-87C0-4221-9644-A77245214460}"
EndProject
Project("{2150E333-8FDC-42A3-9474-1A3956D46DE8}") = "Gui测试", "Gui测试", "{5F6D6068-37F8-421D-9B44-EF4486331A8A}"
EndProject
Project("{8BC9CEB8-8B4A-11D0-8D11-00A0C91BC942}") = "登录辅助验证窗口", "AEXModule\template\GUI库\登录辅助验证窗口\登录辅助验证窗口.vcxproj", "{4B19E109-CED6-4E93-A2B0-3110498B1657}"
EndProject
Global
	GlobalSection(SolutionConfigurationPlatforms) = preSolution
		Debug|x64 = Debug|x64
		Debug|x86 = Debug|x86
		Release|x64 = Release|x64
		Release|x86 = Release|x86
		Release-MD|x64 = Release-MD|x64
		Release-MD|x86 = Release-MD|x86
		Release-MDd|x64 = Release-MDd|x64
		Release-MDd|x86 = Release-MDd|x86
		Release-MT|x64 = Release-MT|x64
		Release-MT|x86 = Release-MT|x86
		Release-MTd|x64 = Release-MTd|x64
		Release-MTd|x86 = Release-MTd|x86
	EndGlobalSection
	GlobalSection(ProjectConfigurationPlatforms) = postSolution
		{EAE3C610-ECE7-4923-B16A-58A56FBF956E}.Debug|x64.ActiveCfg = Debug|x64
		{EAE3C610-ECE7-4923-B16A-58A56FBF956E}.Debug|x64.Build.0 = Debug|x64
		{EAE3C610-ECE7-4923-B16A-58A56FBF956E}.Debug|x86.ActiveCfg = Debug|Win32
		{EAE3C610-ECE7-4923-B16A-58A56FBF956E}.Debug|x86.Build.0 = Debug|Win32
		{EAE3C610-ECE7-4923-B16A-58A56FBF956E}.Release|x64.ActiveCfg = Release|x64
		{EAE3C610-ECE7-4923-B16A-58A56FBF956E}.Release|x64.Build.0 = Release|x64
		{EAE3C610-ECE7-4923-B16A-58A56FBF956E}.Release|x86.ActiveCfg = Release|Win32
		{EAE3C610-ECE7-4923-B16A-58A56FBF956E}.Release|x86.Build.0 = Release|Win32
		{EAE3C610-ECE7-4923-B16A-58A56FBF956E}.Release-MD|x64.ActiveCfg = Release-MD|x64
		{EAE3C610-ECE7-4923-B16A-58A56FBF956E}.Release-MD|x64.Build.0 = Release-MD|x64
		{EAE3C610-ECE7-4923-B16A-58A56FBF956E}.Release-MD|x86.ActiveCfg = Release-MD|Win32
		{EAE3C610-ECE7-4923-B16A-58A56FBF956E}.Release-MD|x86.Build.0 = Release-MD|Win32
		{EAE3C610-ECE7-4923-B16A-58A56FBF956E}.Release-MDd|x64.ActiveCfg = Release-MDd|x64
		{EAE3C610-ECE7-4923-B16A-58A56FBF956E}.Release-MDd|x64.Build.0 = Release-MDd|x64
		{EAE3C610-ECE7-4923-B16A-58A56FBF956E}.Release-MDd|x86.ActiveCfg = Release-MDd|Win32
		{EAE3C610-ECE7-4923-B16A-58A56FBF956E}.Release-MDd|x86.Build.0 = Release-MDd|Win32
		{EAE3C610-ECE7-4923-B16A-58A56FBF956E}.Release-MT|x64.ActiveCfg = Release-MT|x64
		{EAE3C610-ECE7-4923-B16A-58A56FBF956E}.Release-MT|x64.Build.0 = Release-MT|x64
		{EAE3C610-ECE7-4923-B16A-58A56FBF956E}.Release-MT|x86.ActiveCfg = Release-MT|Win32
		{EAE3C610-ECE7-4923-B16A-58A56FBF956E}.Release-MT|x86.Build.0 = Release-MT|Win32
		{EAE3C610-ECE7-4923-B16A-58A56FBF956E}.Release-MTd|x64.ActiveCfg = Release-MTd|x64
		{EAE3C610-ECE7-4923-B16A-58A56FBF956E}.Release-MTd|x64.Build.0 = Release-MTd|x64
		{EAE3C610-ECE7-4923-B16A-58A56FBF956E}.Release-MTd|x86.ActiveCfg = Release-MTd|Win32
		{EAE3C610-ECE7-4923-B16A-58A56FBF956E}.Release-MTd|x86.Build.0 = Release-MTd|Win32
		{AA0014C4-87C0-4221-9644-A77245214460}.Debug|x64.ActiveCfg = Debug|x64
		{AA0014C4-87C0-4221-9644-A77245214460}.Debug|x64.Build.0 = Debug|x64
		{AA0014C4-87C0-4221-9644-A77245214460}.Debug|x86.ActiveCfg = Debug|Win32
		{AA0014C4-87C0-4221-9644-A77245214460}.Debug|x86.Build.0 = Debug|Win32
		{AA0014C4-87C0-4221-9644-A77245214460}.Release|x64.ActiveCfg = Release|x64
		{AA0014C4-87C0-4221-9644-A77245214460}.Release|x64.Build.0 = Release|x64
		{AA0014C4-87C0-4221-9644-A77245214460}.Release|x86.ActiveCfg = Release|Win32
		{AA0014C4-87C0-4221-9644-A77245214460}.Release|x86.Build.0 = Release|Win32
		{AA0014C4-87C0-4221-9644-A77245214460}.Release-MD|x64.ActiveCfg = Release|x64
		{AA0014C4-87C0-4221-9644-A77245214460}.Release-MD|x64.Build.0 = Release|x64
		{AA0014C4-87C0-4221-9644-A77245214460}.Release-MD|x86.ActiveCfg = Release|Win32
		{AA0014C4-87C0-4221-9644-A77245214460}.Release-MD|x86.Build.0 = Release|Win32
		{AA0014C4-87C0-4221-9644-A77245214460}.Release-MDd|x64.ActiveCfg = Release|x64
		{AA0014C4-87C0-4221-9644-A77245214460}.Release-MDd|x64.Build.0 = Release|x64
		{AA0014C4-87C0-4221-9644-A77245214460}.Release-MDd|x86.ActiveCfg = Release|Win32
		{AA0014C4-87C0-4221-9644-A77245214460}.Release-MDd|x86.Build.0 = Release|Win32
		{AA0014C4-87C0-4221-9644-A77245214460}.Release-MT|x64.ActiveCfg = Release|x64
		{AA0014C4-87C0-4221-9644-A77245214460}.Release-MT|x64.Build.0 = Release|x64
		{AA0014C4-87C0-4221-9644-A77245214460}.Release-MT|x86.ActiveCfg = Release|Win32
		{AA0014C4-87C0-4221-9644-A77245214460}.Release-MT|x86.Build.0 = Release|Win32
		{AA0014C4-87C0-4221-9644-A77245214460}.Release-MTd|x64.ActiveCfg = Release|x64
		{AA0014C4-87C0-4221-9644-A77245214460}.Release-MTd|x64.Build.0 = Release|x64
		{AA0014C4-87C0-4221-9644-A77245214460}.Release-MTd|x86.ActiveCfg = Release|Win32
		{AA0014C4-87C0-4221-9644-A77245214460}.Release-MTd|x86.Build.0 = Release|Win32
		{4B19E109-CED6-4E93-A2B0-3110498B1657}.Debug|x64.ActiveCfg = Debug|x64
		{4B19E109-CED6-4E93-A2B0-3110498B1657}.Debug|x64.Build.0 = Debug|x64
		{4B19E109-CED6-4E93-A2B0-3110498B1657}.Debug|x86.ActiveCfg = Debug|Win32
		{4B19E109-CED6-4E93-A2B0-3110498B1657}.Debug|x86.Build.0 = Debug|Win32
		{4B19E109-CED6-4E93-A2B0-3110498B1657}.Release|x64.ActiveCfg = Release|x64
		{4B19E109-CED6-4E93-A2B0-3110498B1657}.Release|x64.Build.0 = Release|x64
		{4B19E109-CED6-4E93-A2B0-3110498B1657}.Release|x86.ActiveCfg = Release|Win32
		{4B19E109-CED6-4E93-A2B0-3110498B1657}.Release|x86.Build.0 = Release|Win32
		{4B19E109-CED6-4E93-A2B0-3110498B1657}.Release-MD|x64.ActiveCfg = Release|x64
		{4B19E109-CED6-4E93-A2B0-3110498B1657}.Release-MD|x64.Build.0 = Release|x64
		{4B19E109-CED6-4E93-A2B0-3110498B1657}.Release-MD|x86.ActiveCfg = Release|Win32
		{4B19E109-CED6-4E93-A2B0-3110498B1657}.Release-MD|x86.Build.0 = Release|Win32
		{4B19E109-CED6-4E93-A2B0-3110498B1657}.Release-MDd|x64.ActiveCfg = Release|x64
		{4B19E109-CED6-4E93-A2B0-3110498B1657}.Release-MDd|x64.Build.0 = Release|x64
		{4B19E109-CED6-4E93-A2B0-3110498B1657}.Release-MDd|x86.ActiveCfg = Release|Win32
		{4B19E109-CED6-4E93-A2B0-3110498B1657}.Release-MDd|x86.Build.0 = Release|Win32
		{4B19E109-CED6-4E93-A2B0-3110498B1657}.Release-MT|x64.ActiveCfg = Release|x64
		{4B19E109-CED6-4E93-A2B0-3110498B1657}.Release-MT|x64.Build.0 = Release|x64
		{4B19E109-CED6-4E93-A2B0-3110498B1657}.Release-MT|x86.ActiveCfg = Release|Win32
		{4B19E109-CED6-4E93-A2B0-3110498B1657}.Release-MT|x86.Build.0 = Release|Win32
		{4B19E109-CED6-4E93-A2B0-3110498B1657}.Release-MTd|x64.ActiveCfg = Release|x64
		{4B19E109-CED6-4E93-A2B0-3110498B1657}.Release-MTd|x64.Build.0 = Release|x64
		{4B19E109-CED6-4E93-A2B0-3110498B1657}.Release-MTd|x86.ActiveCfg = Release|Win32
		{4B19E109-CED6-4E93-A2B0-3110498B1657}.Release-MTd|x86.Build.0 = Release|Win32
	EndGlobalSection
	GlobalSection(SolutionProperties) = preSolution
		HideSolutionNode = FALSE
	EndGlobalSection
	GlobalSection(NestedProjects) = preSolution
		{AA0014C4-87C0-4221-9644-A77245214460} = {15DB9267-18F0-43D6-8A47-BF92AEAFFC3E}
		{4B19E109-CED6-4E93-A2B0-3110498B1657} = {5F6D6068-37F8-421D-9B44-EF4486331A8A}
	EndGlobalSection
	GlobalSection(ExtensibilityGlobals) = postSolution
		SolutionGuid = {5AB54265-3DBA-4E17-9F43-0AE84A6DA4BD}
	EndGlobalSection
EndGlobal
