<?xml version="1.0" encoding="utf-8"?>
<Project ToolsVersion="4.0" xmlns="http://schemas.microsoft.com/developer/msbuild/2003">
  <ItemGroup>
    <Filter Include="头文件">
      <UniqueIdentifier>{c7704b74-fdb0-4da7-95ff-e8baf372b735}</UniqueIdentifier>
    </Filter>
    <Filter Include="源文件">
      <UniqueIdentifier>{4dba0a38-47bc-49db-944e-11628deb74db}</UniqueIdentifier>
    </Filter>
    <Filter Include="资源文件">
      <UniqueIdentifier>{6ff12d8f-7ffc-4e22-90c6-6b3d1e81a984}</UniqueIdentifier>
    </Filter>
  </ItemGroup>
  <ItemGroup>
    <ClCompile Include="main.cpp">
      <Filter>源文件</Filter>
    </ClCompile>
    <ClCompile Include="..\..\..\cpp\Thread.cpp">
      <Filter>源文件</Filter>
    </ClCompile>
    <ClCompile Include="..\..\..\cpp\Network\TCPPlus\Client\Client.cpp">
      <Filter>源文件</Filter>
    </ClCompile>
    <ClCompile Include="..\..\..\cpp\Byteset.cpp">
      <Filter>源文件</Filter>
    </ClCompile>
  </ItemGroup>
  <ItemGroup>
    <ClInclude Include="..\..\..\h\Thread.h">
      <Filter>头文件</Filter>
    </ClInclude>
    <ClInclude Include="..\..\..\h\Network\TCPPlus\Client\Client.h">
      <Filter>头文件</Filter>
    </ClInclude>
  </ItemGroup>
</Project>