
Microsoft Visual Studio Solution File, Format Version 12.00
# Visual Studio Version 17
VisualStudioVersion = 17.12.35527.113
MinimumVisualStudioVersion = 10.0.40219.1
Project("{8BC9CEB8-8B4A-11D0-8D11-00A0C91BC942}") = "R3", "R3\R3.vcxproj", "{6B1E9D93-F855-4D74-ACC2-E07E7A4777B8}"
EndProject
Project("{8BC9CEB8-8B4A-11D0-8D11-00A0C91BC942}") = "R3HOOK", "R3HOOK\R3HOOK.vcxproj", "{CBA9D9B5-FDE6-4738-8D6A-96BA34602029}"
EndProject
Global
	GlobalSection(SolutionConfigurationPlatforms) = preSolution
		Debug|x64 = Debug|x64
		Debug|x86 = Debug|x86
		Release|x64 = Release|x64
		Release|x86 = Release|x86
	EndGlobalSection
	GlobalSection(ProjectConfigurationPlatforms) = postSolution
		{6B1E9D93-F855-4D74-ACC2-E07E7A4777B8}.Debug|x64.ActiveCfg = Debug|x64
		{6B1E9D93-F855-4D74-ACC2-E07E7A4777B8}.Debug|x64.Build.0 = Debug|x64
		{6B1E9D93-F855-4D74-ACC2-E07E7A4777B8}.Debug|x86.ActiveCfg = Debug|Win32
		{6B1E9D93-F855-4D74-ACC2-E07E7A4777B8}.Debug|x86.Build.0 = Debug|Win32
		{6B1E9D93-F855-4D74-ACC2-E07E7A4777B8}.Release|x64.ActiveCfg = Release|x64
		{6B1E9D93-F855-4D74-ACC2-E07E7A4777B8}.Release|x64.Build.0 = Release|x64
		{6B1E9D93-F855-4D74-ACC2-E07E7A4777B8}.Release|x86.ActiveCfg = Release|Win32
		{6B1E9D93-F855-4D74-ACC2-E07E7A4777B8}.Release|x86.Build.0 = Release|Win32
		{CBA9D9B5-FDE6-4738-8D6A-96BA34602029}.Debug|x64.ActiveCfg = Debug|x64
		{CBA9D9B5-FDE6-4738-8D6A-96BA34602029}.Debug|x64.Build.0 = Debug|x64
		{CBA9D9B5-FDE6-4738-8D6A-96BA34602029}.Debug|x86.ActiveCfg = Debug|Win32
		{CBA9D9B5-FDE6-4738-8D6A-96BA34602029}.Debug|x86.Build.0 = Debug|Win32
		{CBA9D9B5-FDE6-4738-8D6A-96BA34602029}.Release|x64.ActiveCfg = Release|x64
		{CBA9D9B5-FDE6-4738-8D6A-96BA34602029}.Release|x64.Build.0 = Release|x64
		{CBA9D9B5-FDE6-4738-8D6A-96BA34602029}.Release|x86.ActiveCfg = Release|Win32
		{CBA9D9B5-FDE6-4738-8D6A-96BA34602029}.Release|x86.Build.0 = Release|Win32
	EndGlobalSection
	GlobalSection(SolutionProperties) = preSolution
		HideSolutionNode = FALSE
	EndGlobalSection
EndGlobal
